// !$*UTF8*$!
{
	archiveVersion = 1;
	classes = {
	};
	objectVersion = 46;
	objects = {

/* Begin PBXBuildFile section */
		386095181D1A2C7100DD4DD3 /* WJPhotoToolbar.m in Sources */ = {isa = PBXBuildFile; fileRef = 386095171D1A2C7100DD4DD3 /* WJPhotoToolbar.m */; };
		3860951B1D1A3B1900DD4DD3 /* WJPhotoNavBar.m in Sources */ = {isa = PBXBuildFile; fileRef = 3860951A1D1A3B1900DD4DD3 /* WJPhotoNavBar.m */; };
		3860951F1D1A3C8000DD4DD3 /* barbuttonicon_back.png in Resources */ = {isa = PBXBuildFile; fileRef = 3860951C1D1A3C8000DD4DD3 /* barbuttonicon_back.png */; };
		386095201D1A3C8000DD4DD3 /* barbuttonicon_back@2x.png in Resources */ = {isa = PBXBuildFile; fileRef = 3860951D1D1A3C8000DD4DD3 /* barbuttonicon_back@2x.png */; };
		386095211D1A3C8000DD4DD3 /* barbuttonicon_back@3x.png in Resources */ = {isa = PBXBuildFile; fileRef = 3860951E1D1A3C8000DD4DD3 /* barbuttonicon_back@3x.png */; };
		386095241D1A638500DD4DD3 /* WJVideoDisplayController.m in Sources */ = {isa = PBXBuildFile; fileRef = 386095231D1A638500DD4DD3 /* WJVideoDisplayController.m */; };
		38C0E78C1D19439200F2BE8F /* WJPhotoDisplayController.m in Sources */ = {isa = PBXBuildFile; fileRef = 38C0E78B1D19439200F2BE8F /* WJPhotoDisplayController.m */; };
		38C0E78F1D19466600F2BE8F /* WJPhotoDisplayCell.m in Sources */ = {isa = PBXBuildFile; fileRef = 38C0E78E1D19466600F2BE8F /* WJPhotoDisplayCell.m */; };
		38ED05601CE565C9000DFA96 /* main.m in Sources */ = {isa = PBXBuildFile; fileRef = 38ED055F1CE565C9000DFA96 /* main.m */; };
		38ED05631CE565C9000DFA96 /* AppDelegate.m in Sources */ = {isa = PBXBuildFile; fileRef = 38ED05621CE565C9000DFA96 /* AppDelegate.m */; };
		38ED05661CE565C9000DFA96 /* ViewController.m in Sources */ = {isa = PBXBuildFile; fileRef = 38ED05651CE565C9000DFA96 /* ViewController.m */; };
		38ED05691CE565C9000DFA96 /* Main.storyboard in Resources */ = {isa = PBXBuildFile; fileRef = 38ED05671CE565C9000DFA96 /* Main.storyboard */; };
		38ED056B1CE565C9000DFA96 /* Assets.xcassets in Resources */ = {isa = PBXBuildFile; fileRef = 38ED056A1CE565C9000DFA96 /* Assets.xcassets */; };
		38ED056E1CE565C9000DFA96 /* LaunchScreen.storyboard in Resources */ = {isa = PBXBuildFile; fileRef = 38ED056C1CE565C9000DFA96 /* LaunchScreen.storyboard */; };
		38ED05791CE565CA000DFA96 /* ExampleTests.m in Sources */ = {isa = PBXBuildFile; fileRef = 38ED05781CE565CA000DFA96 /* ExampleTests.m */; };
		38ED05841CE565CA000DFA96 /* ExampleUITests.m in Sources */ = {isa = PBXBuildFile; fileRef = 38ED05831CE565CA000DFA96 /* ExampleUITests.m */; };
		38ED05A51CE56631000DFA96 /* UIImage+WJPhoto.m in Sources */ = {isa = PBXBuildFile; fileRef = 38ED05931CE56631000DFA96 /* UIImage+WJPhoto.m */; };
		38ED05A71CE56631000DFA96 /* WJPhotoAsset.m in Sources */ = {isa = PBXBuildFile; fileRef = 38ED05971CE56631000DFA96 /* WJPhotoAsset.m */; };
		38ED05A91CE56631000DFA96 /* WJPhotoGridCell.m in Sources */ = {isa = PBXBuildFile; fileRef = 38ED059B1CE56631000DFA96 /* WJPhotoGridCell.m */; };
		38ED05AA1CE56631000DFA96 /* WJPhotoGridController.m in Sources */ = {isa = PBXBuildFile; fileRef = 38ED059D1CE56631000DFA96 /* WJPhotoGridController.m */; };
		38ED05AB1CE56631000DFA96 /* WJPhotoGroup.m in Sources */ = {isa = PBXBuildFile; fileRef = 38ED059F1CE56631000DFA96 /* WJPhotoGroup.m */; };
		38ED05AC1CE56631000DFA96 /* WJPhotoGroupCell.m in Sources */ = {isa = PBXBuildFile; fileRef = 38ED05A11CE56631000DFA96 /* WJPhotoGroupCell.m */; };
		38ED05AD1CE56631000DFA96 /* WJPhotoGroupController.m in Sources */ = {isa = PBXBuildFile; fileRef = 38ED05A31CE56631000DFA96 /* WJPhotoGroupController.m */; };
		38ED06591CE56A57000DFA96 /* WJCircularProgressView.m in Sources */ = {isa = PBXBuildFile; fileRef = 38ED06581CE56A57000DFA96 /* WJCircularProgressView.m */; };
		38ED06841CE59425000DFA96 /* ImageError.png in Resources */ = {isa = PBXBuildFile; fileRef = 38ED065F1CE59425000DFA96 /* ImageError.png */; };
		38ED06851CE59425000DFA96 /* ImageError@2x.png in Resources */ = {isa = PBXBuildFile; fileRef = 38ED06601CE59425000DFA96 /* ImageError@2x.png */; };
		38ED06861CE59425000DFA96 /* ImageError@3x.png in Resources */ = {isa = PBXBuildFile; fileRef = 38ED06611CE59425000DFA96 /* ImageError@3x.png */; };
		38ED06871CE59425000DFA96 /* ImageSelectedOff.png in Resources */ = {isa = PBXBuildFile; fileRef = 38ED06621CE59425000DFA96 /* ImageSelectedOff.png */; };
		38ED06881CE59425000DFA96 /* ImageSelectedOff@2x.png in Resources */ = {isa = PBXBuildFile; fileRef = 38ED06631CE59425000DFA96 /* ImageSelectedOff@2x.png */; };
		38ED06891CE59425000DFA96 /* ImageSelectedOff@3x.png in Resources */ = {isa = PBXBuildFile; fileRef = 38ED06641CE59425000DFA96 /* ImageSelectedOff@3x.png */; };
		38ED068A1CE59425000DFA96 /* ImageSelectedOn.png in Resources */ = {isa = PBXBuildFile; fileRef = 38ED06651CE59425000DFA96 /* ImageSelectedOn.png */; };
		38ED068B1CE59425000DFA96 /* ImageSelectedOn@2x.png in Resources */ = {isa = PBXBuildFile; fileRef = 38ED06661CE59425000DFA96 /* ImageSelectedOn@2x.png */; };
		38ED068C1CE59425000DFA96 /* ImageSelectedOn@3x.png in Resources */ = {isa = PBXBuildFile; fileRef = 38ED06671CE59425000DFA96 /* ImageSelectedOn@3x.png */; };
		38ED068D1CE59425000DFA96 /* ImageSelectedSmallOff.png in Resources */ = {isa = PBXBuildFile; fileRef = 38ED06681CE59425000DFA96 /* ImageSelectedSmallOff.png */; };
		38ED068E1CE59425000DFA96 /* ImageSelectedSmallOff@2x.png in Resources */ = {isa = PBXBuildFile; fileRef = 38ED06691CE59425000DFA96 /* ImageSelectedSmallOff@2x.png */; };
		38ED068F1CE59425000DFA96 /* ImageSelectedSmallOff@3x.png in Resources */ = {isa = PBXBuildFile; fileRef = 38ED066A1CE59425000DFA96 /* ImageSelectedSmallOff@3x.png */; };
		38ED06901CE59425000DFA96 /* ImageSelectedSmallOn.png in Resources */ = {isa = PBXBuildFile; fileRef = 38ED066B1CE59425000DFA96 /* ImageSelectedSmallOn.png */; };
		38ED06911CE59425000DFA96 /* ImageSelectedSmallOn@2x.png in Resources */ = {isa = PBXBuildFile; fileRef = 38ED066C1CE59425000DFA96 /* ImageSelectedSmallOn@2x.png */; };
		38ED06921CE59425000DFA96 /* ImageSelectedSmallOn@3x.png in Resources */ = {isa = PBXBuildFile; fileRef = 38ED066D1CE59425000DFA96 /* ImageSelectedSmallOn@3x.png */; };
		38ED06931CE59425000DFA96 /* PlayButtonOverlayLarge.png in Resources */ = {isa = PBXBuildFile; fileRef = 38ED066E1CE59425000DFA96 /* PlayButtonOverlayLarge.png */; };
		38ED06941CE59425000DFA96 /* PlayButtonOverlayLarge@2x.png in Resources */ = {isa = PBXBuildFile; fileRef = 38ED066F1CE59425000DFA96 /* PlayButtonOverlayLarge@2x.png */; };
		38ED06951CE59425000DFA96 /* PlayButtonOverlayLarge@3x.png in Resources */ = {isa = PBXBuildFile; fileRef = 38ED06701CE59425000DFA96 /* PlayButtonOverlayLarge@3x.png */; };
		38ED06961CE59425000DFA96 /* PlayButtonOverlayLargeTap.png in Resources */ = {isa = PBXBuildFile; fileRef = 38ED06711CE59425000DFA96 /* PlayButtonOverlayLargeTap.png */; };
		38ED06971CE59425000DFA96 /* PlayButtonOverlayLargeTap@2x.png in Resources */ = {isa = PBXBuildFile; fileRef = 38ED06721CE59425000DFA96 /* PlayButtonOverlayLargeTap@2x.png */; };
		38ED06981CE59425000DFA96 /* PlayButtonOverlayLargeTap@3x.png in Resources */ = {isa = PBXBuildFile; fileRef = 38ED06731CE59425000DFA96 /* PlayButtonOverlayLargeTap@3x.png */; };
		38ED06991CE59425000DFA96 /* Localizable.strings in Resources */ = {isa = PBXBuildFile; fileRef = 38ED06751CE59425000DFA96 /* Localizable.strings */; };
		38ED069A1CE59425000DFA96 /* UIBarButtonItemArrowLeft.png in Resources */ = {isa = PBXBuildFile; fileRef = 38ED06781CE59425000DFA96 /* UIBarButtonItemArrowLeft.png */; };
		38ED069B1CE59425000DFA96 /* UIBarButtonItemArrowLeft@2x.png in Resources */ = {isa = PBXBuildFile; fileRef = 38ED06791CE59425000DFA96 /* UIBarButtonItemArrowLeft@2x.png */; };
		38ED069C1CE59425000DFA96 /* UIBarButtonItemArrowLeft@3x.png in Resources */ = {isa = PBXBuildFile; fileRef = 38ED067A1CE59425000DFA96 /* UIBarButtonItemArrowLeft@3x.png */; };
		38ED069D1CE59425000DFA96 /* UIBarButtonItemArrowRight.png in Resources */ = {isa = PBXBuildFile; fileRef = 38ED067B1CE59425000DFA96 /* UIBarButtonItemArrowRight.png */; };
		38ED069E1CE59425000DFA96 /* UIBarButtonItemArrowRight@2x.png in Resources */ = {isa = PBXBuildFile; fileRef = 38ED067C1CE59425000DFA96 /* UIBarButtonItemArrowRight@2x.png */; };
		38ED069F1CE59425000DFA96 /* UIBarButtonItemArrowRight@3x.png in Resources */ = {isa = PBXBuildFile; fileRef = 38ED067D1CE59425000DFA96 /* UIBarButtonItemArrowRight@3x.png */; };
		38ED06A01CE59425000DFA96 /* UIBarButtonItemGrid.png in Resources */ = {isa = PBXBuildFile; fileRef = 38ED067E1CE59425000DFA96 /* UIBarButtonItemGrid.png */; };
		38ED06A11CE59425000DFA96 /* UIBarButtonItemGrid@2x.png in Resources */ = {isa = PBXBuildFile; fileRef = 38ED067F1CE59425000DFA96 /* UIBarButtonItemGrid@2x.png */; };
		38ED06A21CE59425000DFA96 /* UIBarButtonItemGrid@3x.png in Resources */ = {isa = PBXBuildFile; fileRef = 38ED06801CE59425000DFA96 /* UIBarButtonItemGrid@3x.png */; };
		38ED06A31CE59425000DFA96 /* VideoOverlay.png in Resources */ = {isa = PBXBuildFile; fileRef = 38ED06811CE59425000DFA96 /* VideoOverlay.png */; };
		38ED06A41CE59425000DFA96 /* VideoOverlay@2x.png in Resources */ = {isa = PBXBuildFile; fileRef = 38ED06821CE59425000DFA96 /* VideoOverlay@2x.png */; };
		38ED06A51CE59425000DFA96 /* VideoOverlay@3x.png in Resources */ = {isa = PBXBuildFile; fileRef = 38ED06831CE59425000DFA96 /* VideoOverlay@3x.png */; };
/* End PBXBuildFile section */

/* Begin PBXContainerItemProxy section */
		38ED05751CE565CA000DFA96 /* PBXContainerItemProxy */ = {
			isa = PBXContainerItemProxy;
			containerPortal = 38ED05531CE565C9000DFA96 /* Project object */;
			proxyType = 1;
			remoteGlobalIDString = 38ED055A1CE565C9000DFA96;
			remoteInfo = Example;
		};
		38ED05801CE565CA000DFA96 /* PBXContainerItemProxy */ = {
			isa = PBXContainerItemProxy;
			containerPortal = 38ED05531CE565C9000DFA96 /* Project object */;
			proxyType = 1;
			remoteGlobalIDString = 38ED055A1CE565C9000DFA96;
			remoteInfo = Example;
		};
/* End PBXContainerItemProxy section */

/* Begin PBXFileReference section */
		386095161D1A2C7100DD4DD3 /* WJPhotoToolbar.h */ = {isa = PBXFileReference; fileEncoding = 4; lastKnownFileType = sourcecode.c.h; path = WJPhotoToolbar.h; sourceTree = "<group>"; };
		386095171D1A2C7100DD4DD3 /* WJPhotoToolbar.m */ = {isa = PBXFileReference; fileEncoding = 4; lastKnownFileType = sourcecode.c.objc; path = WJPhotoToolbar.m; sourceTree = "<group>"; };
		386095191D1A3B1900DD4DD3 /* WJPhotoNavBar.h */ = {isa = PBXFileReference; fileEncoding = 4; lastKnownFileType = sourcecode.c.h; path = WJPhotoNavBar.h; sourceTree = "<group>"; };
		3860951A1D1A3B1900DD4DD3 /* WJPhotoNavBar.m */ = {isa = PBXFileReference; fileEncoding = 4; lastKnownFileType = sourcecode.c.objc; path = WJPhotoNavBar.m; sourceTree = "<group>"; };
		3860951C1D1A3C8000DD4DD3 /* barbuttonicon_back.png */ = {isa = PBXFileReference; lastKnownFileType = image.png; path = barbuttonicon_back.png; sourceTree = "<group>"; };
		3860951D1D1A3C8000DD4DD3 /* barbuttonicon_back@2x.png */ = {isa = PBXFileReference; lastKnownFileType = image.png; path = "barbuttonicon_back@2x.png"; sourceTree = "<group>"; };
		3860951E1D1A3C8000DD4DD3 /* barbuttonicon_back@3x.png */ = {isa = PBXFileReference; lastKnownFileType = image.png; path = "barbuttonicon_back@3x.png"; sourceTree = "<group>"; };
		386095221D1A638500DD4DD3 /* WJVideoDisplayController.h */ = {isa = PBXFileReference; fileEncoding = 4; lastKnownFileType = sourcecode.c.h; path = WJVideoDisplayController.h; sourceTree = "<group>"; };
		386095231D1A638500DD4DD3 /* WJVideoDisplayController.m */ = {isa = PBXFileReference; fileEncoding = 4; lastKnownFileType = sourcecode.c.objc; path = WJVideoDisplayController.m; sourceTree = "<group>"; };
		38C0E78A1D19439200F2BE8F /* WJPhotoDisplayController.h */ = {isa = PBXFileReference; fileEncoding = 4; lastKnownFileType = sourcecode.c.h; path = WJPhotoDisplayController.h; sourceTree = "<group>"; };
		38C0E78B1D19439200F2BE8F /* WJPhotoDisplayController.m */ = {isa = PBXFileReference; fileEncoding = 4; lastKnownFileType = sourcecode.c.objc; path = WJPhotoDisplayController.m; sourceTree = "<group>"; };
		38C0E78D1D19466600F2BE8F /* WJPhotoDisplayCell.h */ = {isa = PBXFileReference; fileEncoding = 4; lastKnownFileType = sourcecode.c.h; path = WJPhotoDisplayCell.h; sourceTree = "<group>"; };
		38C0E78E1D19466600F2BE8F /* WJPhotoDisplayCell.m */ = {isa = PBXFileReference; fileEncoding = 4; lastKnownFileType = sourcecode.c.objc; path = WJPhotoDisplayCell.m; sourceTree = "<group>"; };
		38ED055B1CE565C9000DFA96 /* Example.app */ = {isa = PBXFileReference; explicitFileType = wrapper.application; includeInIndex = 0; path = Example.app; sourceTree = BUILT_PRODUCTS_DIR; };
		38ED055F1CE565C9000DFA96 /* main.m */ = {isa = PBXFileReference; lastKnownFileType = sourcecode.c.objc; path = main.m; sourceTree = "<group>"; };
		38ED05611CE565C9000DFA96 /* AppDelegate.h */ = {isa = PBXFileReference; lastKnownFileType = sourcecode.c.h; path = AppDelegate.h; sourceTree = "<group>"; };
		38ED05621CE565C9000DFA96 /* AppDelegate.m */ = {isa = PBXFileReference; lastKnownFileType = sourcecode.c.objc; path = AppDelegate.m; sourceTree = "<group>"; };
		38ED05641CE565C9000DFA96 /* ViewController.h */ = {isa = PBXFileReference; lastKnownFileType = sourcecode.c.h; path = ViewController.h; sourceTree = "<group>"; };
		38ED05651CE565C9000DFA96 /* ViewController.m */ = {isa = PBXFileReference; lastKnownFileType = sourcecode.c.objc; path = ViewController.m; sourceTree = "<group>"; };
		38ED05681CE565C9000DFA96 /* Base */ = {isa = PBXFileReference; lastKnownFileType = file.storyboard; name = Base; path = Base.lproj/Main.storyboard; sourceTree = "<group>"; };
		38ED056A1CE565C9000DFA96 /* Assets.xcassets */ = {isa = PBXFileReference; lastKnownFileType = folder.assetcatalog; path = Assets.xcassets; sourceTree = "<group>"; };
		38ED056D1CE565C9000DFA96 /* Base */ = {isa = PBXFileReference; lastKnownFileType = file.storyboard; name = Base; path = Base.lproj/LaunchScreen.storyboard; sourceTree = "<group>"; };
		38ED056F1CE565CA000DFA96 /* Info.plist */ = {isa = PBXFileReference; lastKnownFileType = text.plist.xml; path = Info.plist; sourceTree = "<group>"; };
		38ED05741CE565CA000DFA96 /* ExampleTests.xctest */ = {isa = PBXFileReference; explicitFileType = wrapper.cfbundle; includeInIndex = 0; path = ExampleTests.xctest; sourceTree = BUILT_PRODUCTS_DIR; };
		38ED05781CE565CA000DFA96 /* ExampleTests.m */ = {isa = PBXFileReference; lastKnownFileType = sourcecode.c.objc; path = ExampleTests.m; sourceTree = "<group>"; };
		38ED057A1CE565CA000DFA96 /* Info.plist */ = {isa = PBXFileReference; lastKnownFileType = text.plist.xml; path = Info.plist; sourceTree = "<group>"; };
		38ED057F1CE565CA000DFA96 /* ExampleUITests.xctest */ = {isa = PBXFileReference; explicitFileType = wrapper.cfbundle; includeInIndex = 0; path = ExampleUITests.xctest; sourceTree = BUILT_PRODUCTS_DIR; };
		38ED05831CE565CA000DFA96 /* ExampleUITests.m */ = {isa = PBXFileReference; lastKnownFileType = sourcecode.c.objc; path = ExampleUITests.m; sourceTree = "<group>"; };
		38ED05851CE565CA000DFA96 /* Info.plist */ = {isa = PBXFileReference; lastKnownFileType = text.plist.xml; path = Info.plist; sourceTree = "<group>"; };
		38ED05921CE56631000DFA96 /* UIImage+WJPhoto.h */ = {isa = PBXFileReference; fileEncoding = 4; lastKnownFileType = sourcecode.c.h; path = "UIImage+WJPhoto.h"; sourceTree = "<group>"; };
		38ED05931CE56631000DFA96 /* UIImage+WJPhoto.m */ = {isa = PBXFileReference; fileEncoding = 4; lastKnownFileType = sourcecode.c.objc; path = "UIImage+WJPhoto.m"; sourceTree = "<group>"; };
		38ED05961CE56631000DFA96 /* WJPhotoAsset.h */ = {isa = PBXFileReference; fileEncoding = 4; lastKnownFileType = sourcecode.c.h; path = WJPhotoAsset.h; sourceTree = "<group>"; };
		38ED05971CE56631000DFA96 /* WJPhotoAsset.m */ = {isa = PBXFileReference; fileEncoding = 4; lastKnownFileType = sourcecode.c.objc; path = WJPhotoAsset.m; sourceTree = "<group>"; };
		38ED05991CE56631000DFA96 /* WJPhotoCommon.h */ = {isa = PBXFileReference; fileEncoding = 4; lastKnownFileType = sourcecode.c.h; path = WJPhotoCommon.h; sourceTree = "<group>"; };
		38ED059A1CE56631000DFA96 /* WJPhotoGridCell.h */ = {isa = PBXFileReference; fileEncoding = 4; lastKnownFileType = sourcecode.c.h; path = WJPhotoGridCell.h; sourceTree = "<group>"; };
		38ED059B1CE56631000DFA96 /* WJPhotoGridCell.m */ = {isa = PBXFileReference; fileEncoding = 4; lastKnownFileType = sourcecode.c.objc; path = WJPhotoGridCell.m; sourceTree = "<group>"; };
		38ED059C1CE56631000DFA96 /* WJPhotoGridController.h */ = {isa = PBXFileReference; fileEncoding = 4; lastKnownFileType = sourcecode.c.h; path = WJPhotoGridController.h; sourceTree = "<group>"; };
		38ED059D1CE56631000DFA96 /* WJPhotoGridController.m */ = {isa = PBXFileReference; fileEncoding = 4; lastKnownFileType = sourcecode.c.objc; path = WJPhotoGridController.m; sourceTree = "<group>"; };
		38ED059E1CE56631000DFA96 /* WJPhotoGroup.h */ = {isa = PBXFileReference; fileEncoding = 4; lastKnownFileType = sourcecode.c.h; path = WJPhotoGroup.h; sourceTree = "<group>"; };
		38ED059F1CE56631000DFA96 /* WJPhotoGroup.m */ = {isa = PBXFileReference; fileEncoding = 4; lastKnownFileType = sourcecode.c.objc; path = WJPhotoGroup.m; sourceTree = "<group>"; };
		38ED05A01CE56631000DFA96 /* WJPhotoGroupCell.h */ = {isa = PBXFileReference; fileEncoding = 4; lastKnownFileType = sourcecode.c.h; path = WJPhotoGroupCell.h; sourceTree = "<group>"; };
		38ED05A11CE56631000DFA96 /* WJPhotoGroupCell.m */ = {isa = PBXFileReference; fileEncoding = 4; lastKnownFileType = sourcecode.c.objc; path = WJPhotoGroupCell.m; sourceTree = "<group>"; };
		38ED05A21CE56631000DFA96 /* WJPhotoGroupController.h */ = {isa = PBXFileReference; fileEncoding = 4; lastKnownFileType = sourcecode.c.h; path = WJPhotoGroupController.h; sourceTree = "<group>"; };
		38ED05A31CE56631000DFA96 /* WJPhotoGroupController.m */ = {isa = PBXFileReference; fileEncoding = 4; lastKnownFileType = sourcecode.c.objc; path = WJPhotoGroupController.m; sourceTree = "<group>"; };
		38ED06571CE56A57000DFA96 /* WJCircularProgressView.h */ = {isa = PBXFileReference; fileEncoding = 4; lastKnownFileType = sourcecode.c.h; path = WJCircularProgressView.h; sourceTree = "<group>"; };
		38ED06581CE56A57000DFA96 /* WJCircularProgressView.m */ = {isa = PBXFileReference; fileEncoding = 4; lastKnownFileType = sourcecode.c.objc; path = WJCircularProgressView.m; sourceTree = "<group>"; };
		38ED065F1CE59425000DFA96 /* ImageError.png */ = {isa = PBXFileReference; lastKnownFileType = image.png; path = ImageError.png; sourceTree = "<group>"; };
		38ED06601CE59425000DFA96 /* ImageError@2x.png */ = {isa = PBXFileReference; lastKnownFileType = image.png; path = "ImageError@2x.png"; sourceTree = "<group>"; };
		38ED06611CE59425000DFA96 /* ImageError@3x.png */ = {isa = PBXFileReference; lastKnownFileType = image.png; path = "ImageError@3x.png"; sourceTree = "<group>"; };
		38ED06621CE59425000DFA96 /* ImageSelectedOff.png */ = {isa = PBXFileReference; lastKnownFileType = image.png; path = ImageSelectedOff.png; sourceTree = "<group>"; };
		38ED06631CE59425000DFA96 /* ImageSelectedOff@2x.png */ = {isa = PBXFileReference; lastKnownFileType = image.png; path = "ImageSelectedOff@2x.png"; sourceTree = "<group>"; };
		38ED06641CE59425000DFA96 /* ImageSelectedOff@3x.png */ = {isa = PBXFileReference; lastKnownFileType = image.png; path = "ImageSelectedOff@3x.png"; sourceTree = "<group>"; };
		38ED06651CE59425000DFA96 /* ImageSelectedOn.png */ = {isa = PBXFileReference; lastKnownFileType = image.png; path = ImageSelectedOn.png; sourceTree = "<group>"; };
		38ED06661CE59425000DFA96 /* ImageSelectedOn@2x.png */ = {isa = PBXFileReference; lastKnownFileType = image.png; path = "ImageSelectedOn@2x.png"; sourceTree = "<group>"; };
		38ED06671CE59425000DFA96 /* ImageSelectedOn@3x.png */ = {isa = PBXFileReference; lastKnownFileType = image.png; path = "ImageSelectedOn@3x.png"; sourceTree = "<group>"; };
		38ED06681CE59425000DFA96 /* ImageSelectedSmallOff.png */ = {isa = PBXFileReference; lastKnownFileType = image.png; path = ImageSelectedSmallOff.png; sourceTree = "<group>"; };
		38ED06691CE59425000DFA96 /* ImageSelectedSmallOff@2x.png */ = {isa = PBXFileReference; lastKnownFileType = image.png; path = "ImageSelectedSmallOff@2x.png"; sourceTree = "<group>"; };
		38ED066A1CE59425000DFA96 /* ImageSelectedSmallOff@3x.png */ = {isa = PBXFileReference; lastKnownFileType = image.png; path = "ImageSelectedSmallOff@3x.png"; sourceTree = "<group>"; };
		38ED066B1CE59425000DFA96 /* ImageSelectedSmallOn.png */ = {isa = PBXFileReference; lastKnownFileType = image.png; path = ImageSelectedSmallOn.png; sourceTree = "<group>"; };
		38ED066C1CE59425000DFA96 /* ImageSelectedSmallOn@2x.png */ = {isa = PBXFileReference; lastKnownFileType = image.png; path = "ImageSelectedSmallOn@2x.png"; sourceTree = "<group>"; };
		38ED066D1CE59425000DFA96 /* ImageSelectedSmallOn@3x.png */ = {isa = PBXFileReference; lastKnownFileType = image.png; path = "ImageSelectedSmallOn@3x.png"; sourceTree = "<group>"; };
		38ED066E1CE59425000DFA96 /* PlayButtonOverlayLarge.png */ = {isa = PBXFileReference; lastKnownFileType = image.png; path = PlayButtonOverlayLarge.png; sourceTree = "<group>"; };
		38ED066F1CE59425000DFA96 /* PlayButtonOverlayLarge@2x.png */ = {isa = PBXFileReference; lastKnownFileType = image.png; path = "PlayButtonOverlayLarge@2x.png"; sourceTree = "<group>"; };
		38ED06701CE59425000DFA96 /* PlayButtonOverlayLarge@3x.png */ = {isa = PBXFileReference; lastKnownFileType = image.png; path = "PlayButtonOverlayLarge@3x.png"; sourceTree = "<group>"; };
		38ED06711CE59425000DFA96 /* PlayButtonOverlayLargeTap.png */ = {isa = PBXFileReference; lastKnownFileType = image.png; path = PlayButtonOverlayLargeTap.png; sourceTree = "<group>"; };
		38ED06721CE59425000DFA96 /* PlayButtonOverlayLargeTap@2x.png */ = {isa = PBXFileReference; lastKnownFileType = image.png; path = "PlayButtonOverlayLargeTap@2x.png"; sourceTree = "<group>"; };
		38ED06731CE59425000DFA96 /* PlayButtonOverlayLargeTap@3x.png */ = {isa = PBXFileReference; lastKnownFileType = image.png; path = "PlayButtonOverlayLargeTap@3x.png"; sourceTree = "<group>"; };
		38ED06761CE59425000DFA96 /* en */ = {isa = PBXFileReference; lastKnownFileType = text.plist.strings; name = en; path = en.lproj/Localizable.strings; sourceTree = "<group>"; };
		38ED06771CE59425000DFA96 /* zh-Hans */ = {isa = PBXFileReference; lastKnownFileType = text.plist.strings; name = "zh-Hans"; path = "zh-Hans.lproj/Localizable.strings"; sourceTree = "<group>"; };
		38ED06781CE59425000DFA96 /* UIBarButtonItemArrowLeft.png */ = {isa = PBXFileReference; lastKnownFileType = image.png; path = UIBarButtonItemArrowLeft.png; sourceTree = "<group>"; };
		38ED06791CE59425000DFA96 /* UIBarButtonItemArrowLeft@2x.png */ = {isa = PBXFileReference; lastKnownFileType = image.png; path = "UIBarButtonItemArrowLeft@2x.png"; sourceTree = "<group>"; };
		38ED067A1CE59425000DFA96 /* UIBarButtonItemArrowLeft@3x.png */ = {isa = PBXFileReference; lastKnownFileType = image.png; path = "UIBarButtonItemArrowLeft@3x.png"; sourceTree = "<group>"; };
		38ED067B1CE59425000DFA96 /* UIBarButtonItemArrowRight.png */ = {isa = PBXFileReference; lastKnownFileType = image.png; path = UIBarButtonItemArrowRight.png; sourceTree = "<group>"; };
		38ED067C1CE59425000DFA96 /* UIBarButtonItemArrowRight@2x.png */ = {isa = PBXFileReference; lastKnownFileType = image.png; path = "UIBarButtonItemArrowRight@2x.png"; sourceTree = "<group>"; };
		38ED067D1CE59425000DFA96 /* UIBarButtonItemArrowRight@3x.png */ = {isa = PBXFileReference; lastKnownFileType = image.png; path = "UIBarButtonItemArrowRight@3x.png"; sourceTree = "<group>"; };
		38ED067E1CE59425000DFA96 /* UIBarButtonItemGrid.png */ = {isa = PBXFileReference; lastKnownFileType = image.png; path = UIBarButtonItemGrid.png; sourceTree = "<group>"; };
		38ED067F1CE59425000DFA96 /* UIBarButtonItemGrid@2x.png */ = {isa = PBXFileReference; lastKnownFileType = image.png; path = "UIBarButtonItemGrid@2x.png"; sourceTree = "<group>"; };
		38ED06801CE59425000DFA96 /* UIBarButtonItemGrid@3x.png */ = {isa = PBXFileReference; lastKnownFileType = image.png; path = "UIBarButtonItemGrid@3x.png"; sourceTree = "<group>"; };
		38ED06811CE59425000DFA96 /* VideoOverlay.png */ = {isa = PBXFileReference; lastKnownFileType = image.png; path = VideoOverlay.png; sourceTree = "<group>"; };
		38ED06821CE59425000DFA96 /* VideoOverlay@2x.png */ = {isa = PBXFileReference; lastKnownFileType = image.png; path = "VideoOverlay@2x.png"; sourceTree = "<group>"; };
		38ED06831CE59425000DFA96 /* VideoOverlay@3x.png */ = {isa = PBXFileReference; lastKnownFileType = image.png; path = "VideoOverlay@3x.png"; sourceTree = "<group>"; };
/* End PBXFileReference section */

/* Begin PBXFrameworksBuildPhase section */
		38ED05581CE565C9000DFA96 /* Frameworks */ = {
			isa = PBXFrameworksBuildPhase;
			buildActionMask = 2147483647;
			files = (
			);
			runOnlyForDeploymentPostprocessing = 0;
		};
		38ED05711CE565CA000DFA96 /* Frameworks */ = {
			isa = PBXFrameworksBuildPhase;
			buildActionMask = 2147483647;
			files = (
			);
			runOnlyForDeploymentPostprocessing = 0;
		};
		38ED057C1CE565CA000DFA96 /* Frameworks */ = {
			isa = PBXFrameworksBuildPhase;
			buildActionMask = 2147483647;
			files = (
			);
			runOnlyForDeploymentPostprocessing = 0;
		};
/* End PBXFrameworksBuildPhase section */

/* Begin PBXGroup section */
		38ED05521CE565C9000DFA96 = {
			isa = PBXGroup;
			children = (
				38ED05911CE56631000DFA96 /* WJPhotoPicker */,
				38ED055D1CE565C9000DFA96 /* Example */,
				38ED05771CE565CA000DFA96 /* ExampleTests */,
				38ED05821CE565CA000DFA96 /* ExampleUITests */,
				38ED055C1CE565C9000DFA96 /* Products */,
			);
			sourceTree = "<group>";
		};
		38ED055C1CE565C9000DFA96 /* Products */ = {
			isa = PBXGroup;
			children = (
				38ED055B1CE565C9000DFA96 /* Example.app */,
				38ED05741CE565CA000DFA96 /* ExampleTests.xctest */,
				38ED057F1CE565CA000DFA96 /* ExampleUITests.xctest */,
			);
			name = Products;
			sourceTree = "<group>";
		};
		38ED055D1CE565C9000DFA96 /* Example */ = {
			isa = PBXGroup;
			children = (
				38ED05611CE565C9000DFA96 /* AppDelegate.h */,
				38ED05621CE565C9000DFA96 /* AppDelegate.m */,
				38ED05641CE565C9000DFA96 /* ViewController.h */,
				38ED05651CE565C9000DFA96 /* ViewController.m */,
				38ED05671CE565C9000DFA96 /* Main.storyboard */,
				38ED056A1CE565C9000DFA96 /* Assets.xcassets */,
				38ED056C1CE565C9000DFA96 /* LaunchScreen.storyboard */,
				38ED056F1CE565CA000DFA96 /* Info.plist */,
				38ED055E1CE565C9000DFA96 /* Supporting Files */,
			);
			path = Example;
			sourceTree = "<group>";
		};
		38ED055E1CE565C9000DFA96 /* Supporting Files */ = {
			isa = PBXGroup;
			children = (
				38ED055F1CE565C9000DFA96 /* main.m */,
			);
			name = "Supporting Files";
			sourceTree = "<group>";
		};
		38ED05771CE565CA000DFA96 /* ExampleTests */ = {
			isa = PBXGroup;
			children = (
				38ED05781CE565CA000DFA96 /* ExampleTests.m */,
				38ED057A1CE565CA000DFA96 /* Info.plist */,
			);
			path = ExampleTests;
			sourceTree = "<group>";
		};
		38ED05821CE565CA000DFA96 /* ExampleUITests */ = {
			isa = PBXGroup;
			children = (
				38ED05831CE565CA000DFA96 /* ExampleUITests.m */,
				38ED05851CE565CA000DFA96 /* Info.plist */,
			);
			path = ExampleUITests;
			sourceTree = "<group>";
		};
		38ED05911CE56631000DFA96 /* WJPhotoPicker */ = {
			isa = PBXGroup;
			children = (
				38ED065E1CE59425000DFA96 /* Images */,
				38ED06571CE56A57000DFA96 /* WJCircularProgressView.h */,
				38ED06581CE56A57000DFA96 /* WJCircularProgressView.m */,
				38ED05921CE56631000DFA96 /* UIImage+WJPhoto.h */,
				38ED05931CE56631000DFA96 /* UIImage+WJPhoto.m */,
				38ED05961CE56631000DFA96 /* WJPhotoAsset.h */,
				38ED05971CE56631000DFA96 /* WJPhotoAsset.m */,
				38ED05991CE56631000DFA96 /* WJPhotoCommon.h */,
				38ED059E1CE56631000DFA96 /* WJPhotoGroup.h */,
				38ED059F1CE56631000DFA96 /* WJPhotoGroup.m */,
				386095191D1A3B1900DD4DD3 /* WJPhotoNavBar.h */,
				3860951A1D1A3B1900DD4DD3 /* WJPhotoNavBar.m */,
				386095161D1A2C7100DD4DD3 /* WJPhotoToolbar.h */,
				386095171D1A2C7100DD4DD3 /* WJPhotoToolbar.m */,
				38C0E78D1D19466600F2BE8F /* WJPhotoDisplayCell.h */,
				38C0E78E1D19466600F2BE8F /* WJPhotoDisplayCell.m */,
				38ED059A1CE56631000DFA96 /* WJPhotoGridCell.h */,
				38ED059B1CE56631000DFA96 /* WJPhotoGridCell.m */,
				38ED05A01CE56631000DFA96 /* WJPhotoGroupCell.h */,
				38ED05A11CE56631000DFA96 /* WJPhotoGroupCell.m */,
				386095221D1A638500DD4DD3 /* WJVideoDisplayController.h */,
				386095231D1A638500DD4DD3 /* WJVideoDisplayController.m */,
				38C0E78A1D19439200F2BE8F /* WJPhotoDisplayController.h */,
				38C0E78B1D19439200F2BE8F /* WJPhotoDisplayController.m */,
				38ED059C1CE56631000DFA96 /* WJPhotoGridController.h */,
				38ED059D1CE56631000DFA96 /* WJPhotoGridController.m */,
				38ED05A21CE56631000DFA96 /* WJPhotoGroupController.h */,
				38ED05A31CE56631000DFA96 /* WJPhotoGroupController.m */,
			);
			name = WJPhotoPicker;
			path = ../WJPhotoPicker;
			sourceTree = "<group>";
		};
		38ED065E1CE59425000DFA96 /* Images */ = {
			isa = PBXGroup;
			children = (
				3860951C1D1A3C8000DD4DD3 /* barbuttonicon_back.png */,
				3860951D1D1A3C8000DD4DD3 /* barbuttonicon_back@2x.png */,
				3860951E1D1A3C8000DD4DD3 /* barbuttonicon_back@3x.png */,
				38ED065F1CE59425000DFA96 /* ImageError.png */,
				38ED06601CE59425000DFA96 /* ImageError@2x.png */,
				38ED06611CE59425000DFA96 /* ImageError@3x.png */,
				38ED06621CE59425000DFA96 /* ImageSelectedOff.png */,
				38ED06631CE59425000DFA96 /* ImageSelectedOff@2x.png */,
				38ED06641CE59425000DFA96 /* ImageSelectedOff@3x.png */,
				38ED06651CE59425000DFA96 /* ImageSelectedOn.png */,
				38ED06661CE59425000DFA96 /* ImageSelectedOn@2x.png */,
				38ED06671CE59425000DFA96 /* ImageSelectedOn@3x.png */,
				38ED06681CE59425000DFA96 /* ImageSelectedSmallOff.png */,
				38ED06691CE59425000DFA96 /* ImageSelectedSmallOff@2x.png */,
				38ED066A1CE59425000DFA96 /* ImageSelectedSmallOff@3x.png */,
				38ED066B1CE59425000DFA96 /* ImageSelectedSmallOn.png */,
				38ED066C1CE59425000DFA96 /* ImageSelectedSmallOn@2x.png */,
				38ED066D1CE59425000DFA96 /* ImageSelectedSmallOn@3x.png */,
				38ED066E1CE59425000DFA96 /* PlayButtonOverlayLarge.png */,
				38ED066F1CE59425000DFA96 /* PlayButtonOverlayLarge@2x.png */,
				38ED06701CE59425000DFA96 /* PlayButtonOverlayLarge@3x.png */,
				38ED06711CE59425000DFA96 /* PlayButtonOverlayLargeTap.png */,
				38ED06721CE59425000DFA96 /* PlayButtonOverlayLargeTap@2x.png */,
				38ED06731CE59425000DFA96 /* PlayButtonOverlayLargeTap@3x.png */,
				38ED06741CE59425000DFA96 /* Resource */,
				38ED06781CE59425000DFA96 /* UIBarButtonItemArrowLeft.png */,
				38ED06791CE59425000DFA96 /* UIBarButtonItemArrowLeft@2x.png */,
				38ED067A1CE59425000DFA96 /* UIBarButtonItemArrowLeft@3x.png */,
				38ED067B1CE59425000DFA96 /* UIBarButtonItemArrowRight.png */,
				38ED067C1CE59425000DFA96 /* UIBarButtonItemArrowRight@2x.png */,
				38ED067D1CE59425000DFA96 /* UIBarButtonItemArrowRight@3x.png */,
				38ED067E1CE59425000DFA96 /* UIBarButtonItemGrid.png */,
				38ED067F1CE59425000DFA96 /* UIBarButtonItemGrid@2x.png */,
				38ED06801CE59425000DFA96 /* UIBarButtonItemGrid@3x.png */,
				38ED06811CE59425000DFA96 /* VideoOverlay.png */,
				38ED06821CE59425000DFA96 /* VideoOverlay@2x.png */,
				38ED06831CE59425000DFA96 /* VideoOverlay@3x.png */,
			);
			path = Images;
			sourceTree = "<group>";
		};
		38ED06741CE59425000DFA96 /* Resource */ = {
			isa = PBXGroup;
			children = (
				38ED06751CE59425000DFA96 /* Localizable.strings */,
			);
			path = Resource;
			sourceTree = "<group>";
		};
/* End PBXGroup section */

/* Begin PBXNativeTarget section */
		38ED055A1CE565C9000DFA96 /* Example */ = {
			isa = PBXNativeTarget;
			buildConfigurationList = 38ED05881CE565CA000DFA96 /* Build configuration list for PBXNativeTarget "Example" */;
			buildPhases = (
				38ED05571CE565C9000DFA96 /* Sources */,
				38ED05581CE565C9000DFA96 /* Frameworks */,
				38ED05591CE565C9000DFA96 /* Resources */,
			);
			buildRules = (
			);
			dependencies = (
			);
			name = Example;
			productName = Example;
			productReference = 38ED055B1CE565C9000DFA96 /* Example.app */;
			productType = "com.apple.product-type.application";
		};
		38ED05731CE565CA000DFA96 /* ExampleTests */ = {
			isa = PBXNativeTarget;
			buildConfigurationList = 38ED058B1CE565CA000DFA96 /* Build configuration list for PBXNativeTarget "ExampleTests" */;
			buildPhases = (
				38ED05701CE565CA000DFA96 /* Sources */,
				38ED05711CE565CA000DFA96 /* Frameworks */,
				38ED05721CE565CA000DFA96 /* Resources */,
			);
			buildRules = (
			);
			dependencies = (
				38ED05761CE565CA000DFA96 /* PBXTargetDependency */,
			);
			name = ExampleTests;
			productName = ExampleTests;
			productReference = 38ED05741CE565CA000DFA96 /* ExampleTests.xctest */;
			productType = "com.apple.product-type.bundle.unit-test";
		};
		38ED057E1CE565CA000DFA96 /* ExampleUITests */ = {
			isa = PBXNativeTarget;
			buildConfigurationList = 38ED058E1CE565CA000DFA96 /* Build configuration list for PBXNativeTarget "ExampleUITests" */;
			buildPhases = (
				38ED057B1CE565CA000DFA96 /* Sources */,
				38ED057C1CE565CA000DFA96 /* Frameworks */,
				38ED057D1CE565CA000DFA96 /* Resources */,
			);
			buildRules = (
			);
			dependencies = (
				38ED05811CE565CA000DFA96 /* PBXTargetDependency */,
			);
			name = ExampleUITests;
			productName = ExampleUITests;
			productReference = 38ED057F1CE565CA000DFA96 /* ExampleUITests.xctest */;
			productType = "com.apple.product-type.bundle.ui-testing";
		};
/* End PBXNativeTarget section */

/* Begin PBXProject section */
		38ED05531CE565C9000DFA96 /* Project object */ = {
			isa = PBXProject;
			attributes = {
				LastUpgradeCheck = 0730;
				ORGANIZATIONNAME = "曾维俊";
				TargetAttributes = {
					38ED055A1CE565C9000DFA96 = {
						CreatedOnToolsVersion = 7.3;
					};
					38ED05731CE565CA000DFA96 = {
						CreatedOnToolsVersion = 7.3;
						TestTargetID = 38ED055A1CE565C9000DFA96;
					};
					38ED057E1CE565CA000DFA96 = {
						CreatedOnToolsVersion = 7.3;
						TestTargetID = 38ED055A1CE565C9000DFA96;
					};
				};
			};
			buildConfigurationList = 38ED05561CE565C9000DFA96 /* Build configuration list for PBXProject "Example" */;
			compatibilityVersion = "Xcode 3.2";
			developmentRegion = English;
			hasScannedForEncodings = 0;
			knownRegions = (
				en,
				Base,
				"zh-Hans",
			);
			mainGroup = 38ED05521CE565C9000DFA96;
			productRefGroup = 38ED055C1CE565C9000DFA96 /* Products */;
			projectDirPath = "";
			projectRoot = "";
			targets = (
				38ED055A1CE565C9000DFA96 /* Example */,
				38ED05731CE565CA000DFA96 /* ExampleTests */,
				38ED057E1CE565CA000DFA96 /* ExampleUITests */,
			);
		};
/* End PBXProject section */

/* Begin PBXResourcesBuildPhase section */
		38ED05591CE565C9000DFA96 /* Resources */ = {
			isa = PBXResourcesBuildPhase;
			buildActionMask = 2147483647;
			files = (
				38ED068D1CE59425000DFA96 /* ImageSelectedSmallOff.png in Resources */,
				38ED06941CE59425000DFA96 /* PlayButtonOverlayLarge@2x.png in Resources */,
				386095201D1A3C8000DD4DD3 /* barbuttonicon_back@2x.png in Resources */,
				38ED06A31CE59425000DFA96 /* VideoOverlay.png in Resources */,
				38ED06861CE59425000DFA96 /* ImageError@3x.png in Resources */,
				38ED069A1CE59425000DFA96 /* UIBarButtonItemArrowLeft.png in Resources */,
				38ED068C1CE59425000DFA96 /* ImageSelectedOn@3x.png in Resources */,
				38ED056E1CE565C9000DFA96 /* LaunchScreen.storyboard in Resources */,
				38ED068F1CE59425000DFA96 /* ImageSelectedSmallOff@3x.png in Resources */,
				38ED06961CE59425000DFA96 /* PlayButtonOverlayLargeTap.png in Resources */,
				38ED056B1CE565C9000DFA96 /* Assets.xcassets in Resources */,
				38ED069C1CE59425000DFA96 /* UIBarButtonItemArrowLeft@3x.png in Resources */,
				38ED06881CE59425000DFA96 /* ImageSelectedOff@2x.png in Resources */,
				38ED06841CE59425000DFA96 /* ImageError.png in Resources */,
				38ED06991CE59425000DFA96 /* Localizable.strings in Resources */,
				38ED069D1CE59425000DFA96 /* UIBarButtonItemArrowRight.png in Resources */,
				3860951F1D1A3C8000DD4DD3 /* barbuttonicon_back.png in Resources */,
				386095211D1A3C8000DD4DD3 /* barbuttonicon_back@3x.png in Resources */,
				38ED06A51CE59425000DFA96 /* VideoOverlay@3x.png in Resources */,
				38ED06A01CE59425000DFA96 /* UIBarButtonItemGrid.png in Resources */,
				38ED06971CE59425000DFA96 /* PlayButtonOverlayLargeTap@2x.png in Resources */,
				38ED06A21CE59425000DFA96 /* UIBarButtonItemGrid@3x.png in Resources */,
				38ED068E1CE59425000DFA96 /* ImageSelectedSmallOff@2x.png in Resources */,
				38ED069F1CE59425000DFA96 /* UIBarButtonItemArrowRight@3x.png in Resources */,
				38ED06981CE59425000DFA96 /* PlayButtonOverlayLargeTap@3x.png in Resources */,
				38ED06921CE59425000DFA96 /* ImageSelectedSmallOn@3x.png in Resources */,
				38ED068B1CE59425000DFA96 /* ImageSelectedOn@2x.png in Resources */,
				38ED068A1CE59425000DFA96 /* ImageSelectedOn.png in Resources */,
				38ED06931CE59425000DFA96 /* PlayButtonOverlayLarge.png in Resources */,
				38ED069B1CE59425000DFA96 /* UIBarButtonItemArrowLeft@2x.png in Resources */,
				38ED069E1CE59425000DFA96 /* UIBarButtonItemArrowRight@2x.png in Resources */,
				38ED06A11CE59425000DFA96 /* UIBarButtonItemGrid@2x.png in Resources */,
				38ED06891CE59425000DFA96 /* ImageSelectedOff@3x.png in Resources */,
				38ED06A41CE59425000DFA96 /* VideoOverlay@2x.png in Resources */,
				38ED06851CE59425000DFA96 /* ImageError@2x.png in Resources */,
				38ED06901CE59425000DFA96 /* ImageSelectedSmallOn.png in Resources */,
				38ED05691CE565C9000DFA96 /* Main.storyboard in Resources */,
				38ED06871CE59425000DFA96 /* ImageSelectedOff.png in Resources */,
				38ED06911CE59425000DFA96 /* ImageSelectedSmallOn@2x.png in Resources */,
				38ED06951CE59425000DFA96 /* PlayButtonOverlayLarge@3x.png in Resources */,
			);
			runOnlyForDeploymentPostprocessing = 0;
		};
		38ED05721CE565CA000DFA96 /* Resources */ = {
			isa = PBXResourcesBuildPhase;
			buildActionMask = 2147483647;
			files = (
			);
			runOnlyForDeploymentPostprocessing = 0;
		};
		38ED057D1CE565CA000DFA96 /* Resources */ = {
			isa = PBXResourcesBuildPhase;
			buildActionMask = 2147483647;
			files = (
			);
			runOnlyForDeploymentPostprocessing = 0;
		};
/* End PBXResourcesBuildPhase section */

/* Begin PBXSourcesBuildPhase section */
		38ED05571CE565C9000DFA96 /* Sources */ = {
			isa = PBXSourcesBuildPhase;
			buildActionMask = 2147483647;
			files = (
				38ED05661CE565C9000DFA96 /* ViewController.m in Sources */,
				3860951B1D1A3B1900DD4DD3 /* WJPhotoNavBar.m in Sources */,
				38ED05AD1CE56631000DFA96 /* WJPhotoGroupController.m in Sources */,
				386095181D1A2C7100DD4DD3 /* WJPhotoToolbar.m in Sources */,
				38ED05A91CE56631000DFA96 /* WJPhotoGridCell.m in Sources */,
				386095241D1A638500DD4DD3 /* WJVideoDisplayController.m in Sources */,
				38ED05A71CE56631000DFA96 /* WJPhotoAsset.m in Sources */,
				38ED05AB1CE56631000DFA96 /* WJPhotoGroup.m in Sources */,
				38ED05631CE565C9000DFA96 /* AppDelegate.m in Sources */,
				38ED05601CE565C9000DFA96 /* main.m in Sources */,
				38ED05A51CE56631000DFA96 /* UIImage+WJPhoto.m in Sources */,
				38ED06591CE56A57000DFA96 /* WJCircularProgressView.m in Sources */,
				38ED05AA1CE56631000DFA96 /* WJPhotoGridController.m in Sources */,
				38C0E78F1D19466600F2BE8F /* WJPhotoDisplayCell.m in Sources */,
				38C0E78C1D19439200F2BE8F /* WJPhotoDisplayController.m in Sources */,
				38ED05AC1CE56631000DFA96 /* WJPhotoGroupCell.m in Sources */,
			);
			runOnlyForDeploymentPostprocessing = 0;
		};
		38ED05701CE565CA000DFA96 /* Sources */ = {
			isa = PBXSourcesBuildPhase;
			buildActionMask = 2147483647;
			files = (
				38ED05791CE565CA000DFA96 /* ExampleTests.m in Sources */,
			);
			runOnlyForDeploymentPostprocessing = 0;
		};
		38ED057B1CE565CA000DFA96 /* Sources */ = {
			isa = PBXSourcesBuildPhase;
			buildActionMask = 2147483647;
			files = (
				38ED05841CE565CA000DFA96 /* ExampleUITests.m in Sources */,
			);
			runOnlyForDeploymentPostprocessing = 0;
		};
/* End PBXSourcesBuildPhase section */

/* Begin PBXTargetDependency section */
		38ED05761CE565CA000DFA96 /* PBXTargetDependency */ = {
			isa = PBXTargetDependency;
			target = 38ED055A1CE565C9000DFA96 /* Example */;
			targetProxy = 38ED05751CE565CA000DFA96 /* PBXContainerItemProxy */;
		};
		38ED05811CE565CA000DFA96 /* PBXTargetDependency */ = {
			isa = PBXTargetDependency;
			target = 38ED055A1CE565C9000DFA96 /* Example */;
			targetProxy = 38ED05801CE565CA000DFA96 /* PBXContainerItemProxy */;
		};
/* End PBXTargetDependency section */

/* Begin PBXVariantGroup section */
		38ED05671CE565C9000DFA96 /* Main.storyboard */ = {
			isa = PBXVariantGroup;
			children = (
				38ED05681CE565C9000DFA96 /* Base */,
			);
			name = Main.storyboard;
			sourceTree = "<group>";
		};
		38ED056C1CE565C9000DFA96 /* LaunchScreen.storyboard */ = {
			isa = PBXVariantGroup;
			children = (
				38ED056D1CE565C9000DFA96 /* Base */,
			);
			name = LaunchScreen.storyboard;
			sourceTree = "<group>";
		};
		38ED06751CE59425000DFA96 /* Localizable.strings */ = {
			isa = PBXVariantGroup;
			children = (
				38ED06761CE59425000DFA96 /* en */,
				38ED06771CE59425000DFA96 /* zh-Hans */,
			);
			name = Localizable.strings;
			sourceTree = "<group>";
		};
/* End PBXVariantGroup section */

/* Begin XCBuildConfiguration section */
		38ED05861CE565CA000DFA96 /* Debug */ = {
			isa = XCBuildConfiguration;
			buildSettings = {
				ALWAYS_SEARCH_USER_PATHS = NO;
				CLANG_ANALYZER_NONNULL = YES;
				CLANG_CXX_LANGUAGE_STANDARD = "gnu++0x";
				CLANG_CXX_LIBRARY = "libc++";
				CLANG_ENABLE_MODULES = YES;
				CLANG_ENABLE_OBJC_ARC = YES;
				CLANG_WARN_BOOL_CONVERSION = YES;
				CLANG_WARN_CONSTANT_CONVERSION = YES;
				CLANG_WARN_DIRECT_OBJC_ISA_USAGE = YES_ERROR;
				CLANG_WARN_EMPTY_BODY = YES;
				CLANG_WARN_ENUM_CONVERSION = YES;
				CLANG_WARN_INT_CONVERSION = YES;
				CLANG_WARN_OBJC_ROOT_CLASS = YES_ERROR;
				CLANG_WARN_UNREACHABLE_CODE = YES;
				CLANG_WARN__DUPLICATE_METHOD_MATCH = YES;
				"CODE_SIGN_IDENTITY[sdk=iphoneos*]" = "iPhone Developer";
				COPY_PHASE_STRIP = NO;
				DEBUG_INFORMATION_FORMAT = dwarf;
				ENABLE_STRICT_OBJC_MSGSEND = YES;
				ENABLE_TESTABILITY = YES;
				GCC_C_LANGUAGE_STANDARD = gnu99;
				GCC_DYNAMIC_NO_PIC = NO;
				GCC_NO_COMMON_BLOCKS = YES;
				GCC_OPTIMIZATION_LEVEL = 0;
				GCC_PREPROCESSOR_DEFINITIONS = (
					"DEBUG=1",
					"$(inherited)",
				);
				GCC_WARN_64_TO_32_BIT_CONVERSION = YES;
				GCC_WARN_ABOUT_RETURN_TYPE = YES_ERROR;
				GCC_WARN_UNDECLARED_SELECTOR = YES;
				GCC_WARN_UNINITIALIZED_AUTOS = YES_AGGRESSIVE;
				GCC_WARN_UNUSED_FUNCTION = YES;
				GCC_WARN_UNUSED_VARIABLE = YES;
				IPHONEOS_DEPLOYMENT_TARGET = 9.3;
				MTL_ENABLE_DEBUG_INFO = YES;
				ONLY_ACTIVE_ARCH = YES;
				SDKROOT = iphoneos;
				TARGETED_DEVICE_FAMILY = "1,2";
			};
			name = Debug;
		};
		38ED05871CE565CA000DFA96 /* Release */ = {
			isa = XCBuildConfiguration;
			buildSettings = {
				ALWAYS_SEARCH_USER_PATHS = NO;
				CLANG_ANALYZER_NONNULL = YES;
				CLANG_CXX_LANGUAGE_STANDARD = "gnu++0x";
				CLANG_CXX_LIBRARY = "libc++";
				CLANG_ENABLE_MODULES = YES;
				CLANG_ENABLE_OBJC_ARC = YES;
				CLANG_WARN_BOOL_CONVERSION = YES;
				CLANG_WARN_CONSTANT_CONVERSION = YES;
				CLANG_WARN_DIRECT_OBJC_ISA_USAGE = YES_ERROR;
				CLANG_WARN_EMPTY_BODY = YES;
				CLANG_WARN_ENUM_CONVERSION = YES;
				CLANG_WARN_INT_CONVERSION = YES;
				CLANG_WARN_OBJC_ROOT_CLASS = YES_ERROR;
				CLANG_WARN_UNREACHABLE_CODE = YES;
				CLANG_WARN__DUPLICATE_METHOD_MATCH = YES;
				"CODE_SIGN_IDENTITY[sdk=iphoneos*]" = "iPhone Developer";
				COPY_PHASE_STRIP = NO;
				DEBUG_INFORMATION_FORMAT = "dwarf-with-dsym";
				ENABLE_NS_ASSERTIONS = NO;
				ENABLE_STRICT_OBJC_MSGSEND = YES;
				GCC_C_LANGUAGE_STANDARD = gnu99;
				GCC_NO_COMMON_BLOCKS = YES;
				GCC_WARN_64_TO_32_BIT_CONVERSION = YES;
				GCC_WARN_ABOUT_RETURN_TYPE = YES_ERROR;
				GCC_WARN_UNDECLARED_SELECTOR = YES;
				GCC_WARN_UNINITIALIZED_AUTOS = YES_AGGRESSIVE;
				GCC_WARN_UNUSED_FUNCTION = YES;
				GCC_WARN_UNUSED_VARIABLE = YES;
				IPHONEOS_DEPLOYMENT_TARGET = 9.3;
				MTL_ENABLE_DEBUG_INFO = NO;
				SDKROOT = iphoneos;
				TARGETED_DEVICE_FAMILY = "1,2";
				VALIDATE_PRODUCT = YES;
			};
			name = Release;
		};
		38ED05891CE565CA000DFA96 /* Debug */ = {
			isa = XCBuildConfiguration;
			buildSettings = {
				ASSETCATALOG_COMPILER_APPICON_NAME = AppIcon;
				INFOPLIST_FILE = Example/Info.plist;
				IPHONEOS_DEPLOYMENT_TARGET = 7.0;
				LD_RUNPATH_SEARCH_PATHS = "$(inherited) @executable_path/Frameworks";
				PRODUCT_BUNDLE_IDENTIFIER = com.nius..Example;
				PRODUCT_NAME = "$(TARGET_NAME)";
			};
			name = Debug;
		};
		38ED058A1CE565CA000DFA96 /* Release */ = {
			isa = XCBuildConfiguration;
			buildSettings = {
				ASSETCATALOG_COMPILER_APPICON_NAME = AppIcon;
				INFOPLIST_FILE = Example/Info.plist;
				IPHONEOS_DEPLOYMENT_TARGET = 7.0;
				LD_RUNPATH_SEARCH_PATHS = "$(inherited) @executable_path/Frameworks";
				PRODUCT_BUNDLE_IDENTIFIER = com.nius..Example;
				PRODUCT_NAME = "$(TARGET_NAME)";
			};
			name = Release;
		};
		38ED058C1CE565CA000DFA96 /* Debug */ = {
			isa = XCBuildConfiguration;
			buildSettings = {
				BUNDLE_LOADER = "$(TEST_HOST)";
				INFOPLIST_FILE = ExampleTests/Info.plist;
				LD_RUNPATH_SEARCH_PATHS = "$(inherited) @executable_path/Frameworks @loader_path/Frameworks";
				PRODUCT_BUNDLE_IDENTIFIER = com.nius..ExampleTests;
				PRODUCT_NAME = "$(TARGET_NAME)";
				TEST_HOST = "$(BUILT_PRODUCTS_DIR)/Example.app/Example";
			};
			name = Debug;
		};
		38ED058D1CE565CA000DFA96 /* Release */ = {
			isa = XCBuildConfiguration;
			buildSettings = {
				BUNDLE_LOADER = "$(TEST_HOST)";
				INFOPLIST_FILE = ExampleTests/Info.plist;
				LD_RUNPATH_SEARCH_PATHS = "$(inherited) @executable_path/Frameworks @loader_path/Frameworks";
				PRODUCT_BUNDLE_IDENTIFIER = com.nius..ExampleTests;
				PRODUCT_NAME = "$(TARGET_NAME)";
				TEST_HOST = "$(BUILT_PRODUCTS_DIR)/Example.app/Example";
			};
			name = Release;
		};
		38ED058F1CE565CA000DFA96 /* Debug */ = {
			isa = XCBuildConfiguration;
			buildSettings = {
				INFOPLIST_FILE = ExampleUITests/Info.plist;
				LD_RUNPATH_SEARCH_PATHS = "$(inherited) @executable_path/Frameworks @loader_path/Frameworks";
				PRODUCT_BUNDLE_IDENTIFIER = com.nius..ExampleUITests;
				PRODUCT_NAME = "$(TARGET_NAME)";
				TEST_TARGET_NAME = Example;
			};
			name = Debug;
		};
		38ED05901CE565CA000DFA96 /* Release */ = {
			isa = XCBuildConfiguration;
			buildSettings = {
				INFOPLIST_FILE = ExampleUITests/Info.plist;
				LD_RUNPATH_SEARCH_PATHS = "$(inherited) @executable_path/Frameworks @loader_path/Frameworks";
				PRODUCT_BUNDLE_IDENTIFIER = com.nius..ExampleUITests;
				PRODUCT_NAME = "$(TARGET_NAME)";
				TEST_TARGET_NAME = Example;
			};
			name = Release;
		};
/* End XCBuildConfiguration section */

/* Begin XCConfigurationList section */
		38ED05561CE565C9000DFA96 /* Build configuration list for PBXProject "Example" */ = {
			isa = XCConfigurationList;
			buildConfigurations = (
				38ED05861CE565CA000DFA96 /* Debug */,
				38ED05871CE565CA000DFA96 /* Release */,
			);
			defaultConfigurationIsVisible = 0;
			defaultConfigurationName = Release;
		};
		38ED05881CE565CA000DFA96 /* Build configuration list for PBXNativeTarget "Example" */ = {
			isa = XCConfigurationList;
			buildConfigurations = (
				38ED05891CE565CA000DFA96 /* Debug */,
				38ED058A1CE565CA000DFA96 /* Release */,
			);
			defaultConfigurationIsVisible = 0;
			defaultConfigurationName = Release;
		};
		38ED058B1CE565CA000DFA96 /* Build configuration list for PBXNativeTarget "ExampleTests" */ = {
			isa = XCConfigurationList;
			buildConfigurations = (
				38ED058C1CE565CA000DFA96 /* Debug */,
				38ED058D1CE565CA000DFA96 /* Release */,
			);
			defaultConfigurationIsVisible = 0;
			defaultConfigurationName = Release;
		};
		38ED058E1CE565CA000DFA96 /* Build configuration list for PBXNativeTarget "ExampleUITests" */ = {
			isa = XCConfigurationList;
			buildConfigurations = (
				38ED058F1CE565CA000DFA96 /* Debug */,
				38ED05901CE565CA000DFA96 /* Release */,
			);
			defaultConfigurationIsVisible = 0;
			defaultConfigurationName = Release;
		};
/* End XCConfigurationList section */
	};
	rootObject = 38ED05531CE565C9000DFA96 /* Project object */;
}
